{
  "name": "test-fork",
  "version": "1.0.0",
  "lockfileVersion": 1,
  "requires": true,
  "dependencies": {
    "luhn-validator-x": {
      "version": "1.0.2",
      "resolved": "https://registry.npmjs.org/luhn-validator-x/-/luhn-validator-x-1.0.2.tgz",
      "integrity": "sha512-wiFbIGu/CeMTyXDoN6qgyHbLxCh523GihMgC5WnUpcWwP50A+Xuh7hw5Y3Uu4AG1iY7wKhQ6JgN4A1+fiCxNZA=="
    }
  }
}
